// !$*UTF8*$!
{
	archiveVersion = 1;
	classes = {
	};
	objectVersion = 46;
	objects = {

/* Begin PBXBuildFile section */
		0CA95E4D1CEFC2EA0070AC6D /* main.c in Sources */ = {isa = PBXBuildFile; fileRef = 0CA95E4C1CEFC2EA0070AC6D /* main.c */; };
/* End PBXBuildFile section */

/* Begin PBXCopyFilesBuildPhase section */
		0CA95E471CEFC2EA0070AC6D /* CopyFiles */ = {
			isa = PBXCopyFilesBuildPhase;
			buildActionMask = 2147483647;
			dstPath = /usr/share/man/man1/;
			dstSubfolderSpec = 0;
			files = (
			);
			runOnlyForDeploymentPostprocessing = 1;
		};
/* End PBXCopyFilesBuildPhase section */

/* Begin PBXFileReference section */
		0C0CB41F1CF207D6000D0675 /* Client.h */ = {isa = PBXFileReference; lastKnownFileType = sourcecode.c.h; path = Client.h; sourceTree = "<group>"; };
		0C0CB4201CF219C5000D0675 /* Contact.h */ = {isa = PBXFileReference; lastKnownFileType = sourcecode.c.h; path = Contact.h; sourceTree = "<group>"; };
		0CA95E491CEFC2EA0070AC6D /* PPDTask */ = {isa = PBXFileReference; explicitFileType = "compiled.mach-o.executable"; includeInIndex = 0; path = PPDTask; sourceTree = BUILT_PRODUCTS_DIR; };
		0CA95E4C1CEFC2EA0070AC6D /* main.c */ = {isa = PBXFileReference; lastKnownFileType = sourcecode.c.c; path = main.c; sourceTree = "<group>"; };
		0CA95E531CEFC7BB0070AC6D /* InputHandler.h */ = {isa = PBXFileReference; fileEncoding = 4; lastKnownFileType = sourcecode.c.h; path = InputHandler.h; sourceTree = "<group>"; };
		0CA95E561CEFD2DA0070AC6D /* List.h */ = {isa = PBXFileReference; lastKnownFileType = sourcecode.c.h; path = List.h; sourceTree = "<group>"; };
		0CA95E581CEFD3510070AC6D /* Package.h */ = {isa = PBXFileReference; lastKnownFileType = sourcecode.c.h; path = Package.h; sourceTree = "<group>"; };
		0CA95E5E1CEFD7730070AC6D /* Server.h */ = {isa = PBXFileReference; lastKnownFileType = sourcecode.c.h; path = Server.h; sourceTree = "<group>"; };
		0CD925C51CF31AC2005841C2 /* LocalContact.h */ = {isa = PBXFileReference; lastKnownFileType = sourcecode.c.h; path = LocalContact.h; sourceTree = "<group>"; };
/* End PBXFileReference section */

/* Begin PBXFrameworksBuildPhase section */
		0CA95E461CEFC2EA0070AC6D /* Frameworks */ = {
			isa = PBXFrameworksBuildPhase;
			buildActionMask = 2147483647;
			files = (
			);
			runOnlyForDeploymentPostprocessing = 0;
		};
/* End PBXFrameworksBuildPhase section */

/* Begin PBXGroup section */
		0CA95E401CEFC2EA0070AC6D = {
			isa = PBXGroup;
			children = (
				0CA95E4B1CEFC2EA0070AC6D /* PPDTask */,
				0CA95E4A1CEFC2EA0070AC6D /* Products */,
			);
			sourceTree = "<group>";
		};
		0CA95E4A1CEFC2EA0070AC6D /* Products */ = {
			isa = PBXGroup;
			children = (
				0CA95E491CEFC2EA0070AC6D /* PPDTask */,
			);
			name = Products;
			sourceTree = "<group>";
		};
		0CA95E4B1CEFC2EA0070AC6D /* PPDTask */ = {
			isa = PBXGroup;
			children = (
				0CA95E591CEFD38C0070AC6D /* Util */,
				0CA95E5A1CEFD3910070AC6D /* UI */,
				0CA95E4C1CEFC2EA0070AC6D /* main.c */,
				0CA95E5B1CEFD3970070AC6D /* Model */,
				0CA95E5D1CEFD7400070AC6D /* Communication */,
			);
			path = PPDTask;
			sourceTree = "<group>";
		};
		0CA95E591CEFD38C0070AC6D /* Util */ = {
			isa = PBXGroup;
			children = (
				0CA95E561CEFD2DA0070AC6D /* List.h */,
			);
			name = Util;
			sourceTree = "<group>";
		};
		0CA95E5A1CEFD3910070AC6D /* UI */ = {
			isa = PBXGroup;
			children = (
				0CA95E531CEFC7BB0070AC6D /* InputHandler.h */,
			);
			name = UI;
			sourceTree = "<group>";
		};
		0CA95E5B1CEFD3970070AC6D /* Model */ = {
			isa = PBXGroup;
			children = (
				0CA95E581CEFD3510070AC6D /* Package.h */,
				0C0CB4201CF219C5000D0675 /* Contact.h */,
				0CD925C51CF31AC2005841C2 /* LocalContact.h */,
			);
			name = Model;
			sourceTree = "<group>";
		};
		0CA95E5D1CEFD7400070AC6D /* Communication */ = {
			isa = PBXGroup;
			children = (
				0CA95E5E1CEFD7730070AC6D /* Server.h */,
				0C0CB41F1CF207D6000D0675 /* Client.h */,
			);
			name = Communication;
			sourceTree = "<group>";
		};
/* End PBXGroup section */

/* Begin PBXNativeTarget section */
		0CA95E481CEFC2EA0070AC6D /* PPDTask */ = {
			isa = PBXNativeTarget;
			buildConfigurationList = 0CA95E501CEFC2EA0070AC6D /* Build configuration list for PBXNativeTarget "PPDTask" */;
			buildPhases = (
				0CA95E451CEFC2EA0070AC6D /* Sources */,
				0CA95E461CEFC2EA0070AC6D /* Frameworks */,
				0CA95E471CEFC2EA0070AC6D /* CopyFiles */,
			);
			buildRules = (
			);
			dependencies = (
			);
			name = PPDTask;
			productName = PPDTask;
			productReference = 0CA95E491CEFC2EA0070AC6D /* PPDTask */;
			productType = "com.apple.product-type.tool";
		};
/* End PBXNativeTarget section */

/* Begin PBXProject section */
		0CA95E411CEFC2EA0070AC6D /* Project object */ = {
			isa = PBXProject;
			attributes = {
				LastUpgradeCheck = 0730;
				ORGANIZATIONNAME = LastLeaf;
				TargetAttributes = {
					0CA95E481CEFC2EA0070AC6D = {
						CreatedOnToolsVersion = 7.3;
					};
				};
			};
			buildConfigurationList = 0CA95E441CEFC2EA0070AC6D /* Build configuration list for PBXProject "PPDTask" */;
			compatibilityVersion = "Xcode 3.2";
			developmentRegion = English;
			hasScannedForEncodings = 0;
			knownRegions = (
				en,
			);
			mainGroup = 0CA95E401CEFC2EA0070AC6D;
			productRefGroup = 0CA95E4A1CEFC2EA0070AC6D /* Products */;
			projectDirPath = "";
			projectRoot = "";
			targets = (
				0CA95E481CEFC2EA0070AC6D /* PPDTask */,
			);
		};
/* End PBXProject section */

/* Begin PBXSourcesBuildPhase section */
		0CA95E451CEFC2EA0070AC6D /* Sources */ = {
			isa = PBXSourcesBuildPhase;
			buildActionMask = 2147483647;
			files = (
				0CA95E4D1CEFC2EA0070AC6D /* main.c in Sources */,
			);
			runOnlyForDeploymentPostprocessing = 0;
		};
/* End PBXSourcesBuildPhase section */

/* Begin XCBuildConfiguration section */
		0CA95E4E1CEFC2EA0070AC6D /* Debug */ = {
			isa = XCBuildConfiguration;
			buildSettings = {
				ALWAYS_SEARCH_USER_PATHS = NO;
				CLANG_ANALYZER_NONNULL = YES;
				CLANG_CXX_LANGUAGE_STANDARD = "gnu++0x";
				CLANG_CXX_LIBRARY = "libc++";
				CLANG_ENABLE_MODULES = YES;
				CLANG_ENABLE_OBJC_ARC = YES;
				CLANG_WARN_BOOL_CONVERSION = YES;
				CLANG_WARN_CONSTANT_CONVERSION = YES;
				CLANG_WARN_DIRECT_OBJC_ISA_USAGE = YES_ERROR;
				CLANG_WARN_EMPTY_BODY = YES;
				CLANG_WARN_ENUM_CONVERSION = YES;
				CLANG_WARN_INT_CONVERSION = YES;
				CLANG_WARN_OBJC_ROOT_CLASS = YES_ERROR;
				CLANG_WARN_UNREACHABLE_CODE = YES;
				CLANG_WARN__DUPLICATE_METHOD_MATCH = YES;
				CODE_SIGN_IDENTITY = "-";
				COPY_PHASE_STRIP = NO;
				DEBUG_INFORMATION_FORMAT = dwarf;
				ENABLE_STRICT_OBJC_MSGSEND = YES;
				ENABLE_TESTABILITY = YES;
				GCC_C_LANGUAGE_STANDARD = gnu99;
				GCC_DYNAMIC_NO_PIC = NO;
				GCC_NO_COMMON_BLOCKS = YES;
				GCC_OPTIMIZATION_LEVEL = 0;
				GCC_PREPROCESSOR_DEFINITIONS = (
					"DEBUG=1",
					"$(inherited)",
				);
				GCC_WARN_64_TO_32_BIT_CONVERSION = YES;
				GCC_WARN_ABOUT_RETURN_TYPE = YES_ERROR;
				GCC_WARN_UNDECLARED_SELECTOR = YES;
				GCC_WARN_UNINITIALIZED_AUTOS = YES_AGGRESSIVE;
				GCC_WARN_UNUSED_FUNCTION = YES;
				GCC_WARN_UNUSED_VARIABLE = YES;
				MACOSX_DEPLOYMENT_TARGET = 10.11;
				MTL_ENABLE_DEBUG_INFO = YES;
				ONLY_ACTIVE_ARCH = YES;
				SDKROOT = macosx;
			};
			name = Debug;
		};
		0CA95E4F1CEFC2EA0070AC6D /* Release */ = {
			isa = XCBuildConfiguration;
			buildSettings = {
				ALWAYS_SEARCH_USER_PATHS = NO;
				CLANG_ANALYZER_NONNULL = YES;
				CLANG_CXX_LANGUAGE_STANDARD = "gnu++0x";
				CLANG_CXX_LIBRARY = "libc++";
				CLANG_ENABLE_MODULES = YES;
				CLANG_ENABLE_OBJC_ARC = YES;
				CLANG_WARN_BOOL_CONVERSION = YES;
				CLANG_WARN_CONSTANT_CONVERSION = YES;
				CLANG_WARN_DIRECT_OBJC_ISA_USAGE = YES_ERROR;
				CLANG_WARN_EMPTY_BODY = YES;
				CLANG_WARN_ENUM_CONVERSION = YES;
				CLANG_WARN_INT_CONVERSION = YES;
				CLANG_WARN_OBJC_ROOT_CLASS = YES_ERROR;
				CLANG_WARN_UNREACHABLE_CODE = YES;
				CLANG_WARN__DUPLICATE_METHOD_MATCH = YES;
				CODE_SIGN_IDENTITY = "-";
				COPY_PHASE_STRIP = NO;
				DEBUG_INFORMATION_FORMAT = "dwarf-with-dsym";
				ENABLE_NS_ASSERTIONS = NO;
				ENABLE_STRICT_OBJC_MSGSEND = YES;
				GCC_C_LANGUAGE_STANDARD = gnu99;
				GCC_NO_COMMON_BLOCKS = YES;
				GCC_WARN_64_TO_32_BIT_CONVERSION = YES;
				GCC_WARN_ABOUT_RETURN_TYPE = YES_ERROR;
				GCC_WARN_UNDECLARED_SELECTOR = YES;
				GCC_WARN_UNINITIALIZED_AUTOS = YES_AGGRESSIVE;
				GCC_WARN_UNUSED_FUNCTION = YES;
				GCC_WARN_UNUSED_VARIABLE = YES;
				MACOSX_DEPLOYMENT_TARGET = 10.11;
				MTL_ENABLE_DEBUG_INFO = NO;
				SDKROOT = macosx;
			};
			name = Release;
		};
		0CA95E511CEFC2EA0070AC6D /* Debug */ = {
			isa = XCBuildConfiguration;
			buildSettings = {
				PRODUCT_NAME = "$(TARGET_NAME)";
			};
			name = Debug;
		};
		0CA95E521CEFC2EA0070AC6D /* Release */ = {
			isa = XCBuildConfiguration;
			buildSettings = {
				PRODUCT_NAME = "$(TARGET_NAME)";
			};
			name = Release;
		};
/* End XCBuildConfiguration section */

/* Begin XCConfigurationList section */
		0CA95E441CEFC2EA0070AC6D /* Build configuration list for PBXProject "PPDTask" */ = {
			isa = XCConfigurationList;
			buildConfigurations = (
				0CA95E4E1CEFC2EA0070AC6D /* Debug */,
				0CA95E4F1CEFC2EA0070AC6D /* Release */,
			);
			defaultConfigurationIsVisible = 0;
			defaultConfigurationName = Release;
		};
		0CA95E501CEFC2EA0070AC6D /* Build configuration list for PBXNativeTarget "PPDTask" */ = {
			isa = XCConfigurationList;
			buildConfigurations = (
				0CA95E511CEFC2EA0070AC6D /* Debug */,
				0CA95E521CEFC2EA0070AC6D /* Release */,
			);
			defaultConfigurationIsVisible = 0;
			defaultConfigurationName = Release;
		};
/* End XCConfigurationList section */
	};
	rootObject = 0CA95E411CEFC2EA0070AC6D /* Project object */;
}
